<?xml version="1.0" encoding="utf-8"?>
<Project ToolsVersion="4.0" xmlns="http://schemas.microsoft.com/developer/msbuild/2003">
  <ItemGroup>
    <Filter Include="Resource Files">
      <UniqueIdentifier>{67DA6AB6-F800-4c08-8B7A-83BB121AAD01}</UniqueIdentifier>
      <Extensions>rc;ico;cur;bmp;dlg;rc2;rct;bin;rgs;gif;jpg;jpeg;jpe;resx;tiff;tif;png;wav;mfcribbon-ms</Extensions>
    </Filter>
    <Filter Include="Viewers">
      <UniqueIdentifier>{592eae02-b6de-4b35-9d75-f05bc6f80a58}</UniqueIdentifier>
    </Filter>
    <Filter Include="BotLogic">
      <UniqueIdentifier>{bc4f3a7b-ece3-4d75-8334-dba1a2f7a5f8}</UniqueIdentifier>
    </Filter>
    <Filter Include="Actions">
      <UniqueIdentifier>{3d5a6629-6430-4e9c-9a3d-8664de337e2b}</UniqueIdentifier>
    </Filter>
    <Filter Include="PathPlanning">
      <UniqueIdentifier>{20dc0e76-84c3-4e49-8427-ea6dce4371a8}</UniqueIdentifier>
    </Filter>
  </ItemGroup>
  <ItemGroup>
    <ClCompile Include="RangeRenderer.cpp">
      <Filter>Viewers</Filter>
    </ClCompile>
    <ClCompile Include="PmapRenderer.cpp">
      <Filter>Viewers</Filter>
    </ClCompile>
    <ClCompile Include="Viewer.cpp">
      <Filter>Viewers</Filter>
    </ClCompile>
    <ClCompile Include="Application.cpp" />
    <ClCompile Include="main.cpp" />
    <ClCompile Include="PathingMap.cpp" />
    <ClCompile Include="AgentRenderer.cpp">
      <Filter>Viewers</Filter>
    </ClCompile>
    <ClCompile Include="Clustering.cpp">
      <Filter>PathPlanning</Filter>
    </ClCompile>
    <ClCompile Include="PathPlanner.cpp">
      <Filter>PathPlanning</Filter>
    </ClCompile>
    <ClCompile Include="FixedPathBot.cpp">
      <Filter>BotLogic</Filter>
    </ClCompile>
    <ClCompile Include="VaettirBot.cpp">
      <Filter>BotLogic</Filter>
    </ClCompile>
    <ClCompile Include="SmartBot.cpp">
      <Filter>BotLogic</Filter>
    </ClCompile>
  </ItemGroup>
  <ItemGroup>
    <ClInclude Include="Viewer.h">
      <Filter>Viewers</Filter>
    </ClInclude>
    <ClInclude Include="RangeRenderer.h">
      <Filter>Viewers</Filter>
    </ClInclude>
    <ClInclude Include="PmapRenderer.h">
      <Filter>Viewers</Filter>
    </ClInclude>
    <ClInclude Include="Application.h" />
    <ClInclude Include="PathingMap.h" />
    <ClInclude Include="Point2f.h" />
    <ClInclude Include="Action.h">
      <Filter>Actions</Filter>
    </ClInclude>
    <ClInclude Include="MoveAction.h">
      <Filter>Actions</Filter>
    </ClInclude>
    <ClInclude Include="Structures.h">
      <Filter>BotLogic</Filter>
    </ClInclude>
    <ClInclude Include="AgentRenderer.h">
      <Filter>Viewers</Filter>
    </ClInclude>
    <ClInclude Include="Utils.h" />
    <ClInclude Include="WaitAction.h">
      <Filter>Actions</Filter>
    </ClInclude>
    <ClInclude Include="Constants.h">
      <Filter>BotLogic</Filter>
    </ClInclude>
    <ClInclude Include="UseSkillAction.h">
      <Filter>Actions</Filter>
    </ClInclude>
    <ClInclude Include="LogAction.h">
      <Filter>Actions</Filter>
    </ClInclude>
    <ClInclude Include="Actions.h">
      <Filter>Actions</Filter>
    </ClInclude>
    <ClInclude Include="Clustering.h">
      <Filter>PathPlanning</Filter>
    </ClInclude>
    <ClInclude Include="PathPlanner.h">
      <Filter>PathPlanning</Filter>
    </ClInclude>
    <ClInclude Include="FixedPathBot.h">
      <Filter>BotLogic</Filter>
    </ClInclude>
    <ClInclude Include="VaettirBot.h">
      <Filter>BotLogic</Filter>
    </ClInclude>
    <ClInclude Include="SmartBot.h">
      <Filter>BotLogic</Filter>
    </ClInclude>
    <ClInclude Include="ActionQueue.h">
      <Filter>Actions</Filter>
    </ClInclude>
  </ItemGroup>
</Project>